
Microsoft Visual Studio Solution File, Format Version 12.00
# Visual Studio Version 17
VisualStudioVersion = 17.7.34221.43
MinimumVisualStudioVersion = 10.0.40219.1
Project("{FAE04EC0-301F-11D3-BF4B-00C04F79EFBC}") = "Gumball", "Gumball\Gumball.csproj", "{D34B6FAB-7978-4E79-8690-099348CDA98D}"
EndProject
Global
	GlobalSection(SolutionConfigurationPlatforms) = preSolution
		Debug|Any CPU = Debug|Any CPU
		Release|Any CPU = Release|Any CPU
	EndGlobalSection
	GlobalSection(ProjectConfigurationPlatforms) = postSolution
		{D34B6FAB-7978-4E79-8690-099348CDA98D}.Debug|Any CPU.ActiveCfg = Debug|Any CPU
		{D34B6FAB-7978-4E79-8690-099348CDA98D}.Debug|Any CPU.Build.0 = Debug|Any CPU
		{D34B6FAB-7978-4E79-8690-099348CDA98D}.Release|Any CPU.ActiveCfg = Release|Any CPU
		{D34B6FAB-7978-4E79-8690-099348CDA98D}.Release|Any CPU.Build.0 = Release|Any CPU
	EndGlobalSection
	GlobalSection(SolutionProperties) = preSolution
		HideSolutionNode = FALSE
	EndGlobalSection
	GlobalSection(ExtensibilityGlobals) = postSolution
		SolutionGuid = {B2D2939B-9E19-4C34-AB1E-E1ED4EA005A0}
	EndGlobalSection
EndGlobal
